
Microsoft Visual Studio Solution File, Format Version 12.00
Project("{FAE04EC0-301F-11D3-BF4B-00C04F79EFBC}") = "DIV-SOUND-backend", "DIV-SOUND-backend\DIV-SOUND-backend.csproj", "{3FDBCC8C-5488-4EBE-98D7-999368A9F350}"
EndProject
Global
	GlobalSection(SolutionConfigurationPlatforms) = preSolution
		Debug|Any CPU = Debug|Any CPU
		Release|Any CPU = Release|Any CPU
	EndGlobalSection
	GlobalSection(ProjectConfigurationPlatforms) = postSolution
		{3FDBCC8C-5488-4EBE-98D7-999368A9F350}.Debug|Any CPU.ActiveCfg = Debug|Any CPU
		{3FDBCC8C-5488-4EBE-98D7-999368A9F350}.Debug|Any CPU.Build.0 = Debug|Any CPU
		{3FDBCC8C-5488-4EBE-98D7-999368A9F350}.Release|Any CPU.ActiveCfg = Release|Any CPU
		{3FDBCC8C-5488-4EBE-98D7-999368A9F350}.Release|Any CPU.Build.0 = Release|Any CPU
	EndGlobalSection
EndGlobal
